{
  "nodes": {
    "autodocodec": {
      "flake": false,
      "locked": {
        "lastModified": 1721977067,
        "narHash": "sha256-vbYwDw0VGNveksWMEn6G6XKzdLZNBFS0B0zJ3tCLIPw=",
        "owner": "NorfairKing",
        "repo": "autodocodec",
        "rev": "b435803c3367b06c0d38acd90a54ba63e63fb6be",
        "type": "github"
      },
      "original": {
        "owner": "NorfairKing",
        "repo": "autodocodec",
        "type": "github"
      }
    },
    "dekking": {
      "flake": false,
      "locked": {
        "lastModified": 1717353868,
        "narHash": "sha256-skkBIDSRj0UQDgPVmiF8aj13ozkoeq94kTAhROlH8cE=",
        "owner": "NorfairKing",
        "repo": "dekking",
        "rev": "0ac013f211e047db3d6b9ca0c67d1f6334faf561",
        "type": "github"
      },
      "original": {
        "owner": "NorfairKing",
        "repo": "dekking",
        "type": "github"
      }
    },
    "flake-compat": {
      "flake": false,
      "locked": {
        "lastModified": 1696426674,
        "narHash": "sha256-kvjfFW7WAETZlt09AgDn1MrtKzP7t90Vf7vypd3OL1U=",
        "owner": "edolstra",
        "repo": "flake-compat",
        "rev": "0f9255e01c2351cc7d116c072cb317785dd33b33",
        "type": "github"
      },
      "original": {
        "owner": "edolstra",
        "repo": "flake-compat",
        "type": "github"
      }
    },
    "gitignore": {
      "inputs": {
        "nixpkgs": [
          "pre-commit-hooks",
          "nixpkgs"
        ]
      },
      "locked": {
        "lastModified": 1709087332,
        "narHash": "sha256-HG2cCnktfHsKV0s4XW83gU3F57gaTljL9KNSuG6bnQs=",
        "owner": "hercules-ci",
        "repo": "gitignore.nix",
        "rev": "637db329424fd7e46cf4185293b9cc8c88c95394",
        "type": "github"
      },
      "original": {
        "owner": "hercules-ci",
        "repo": "gitignore.nix",
        "type": "github"
      }
    },
    "haskell-dependency-graph-nix": {
      "inputs": {
        "nixpkgs": [
          "nixpkgs"
        ],
        "pre-commit-hooks": [
          "pre-commit-hooks"
        ]
      },
      "locked": {
        "lastModified": 1712559772,
        "narHash": "sha256-R7VaJAIXFH8yCBLCY8tIsRPEgPNX4aFL2iAZhbIRoao=",
        "owner": "NorfairKing",
        "repo": "haskell-dependency-graph-nix",
        "rev": "9f9ac5184baa7f1b6ff759bffab517d2d7447338",
        "type": "github"
      },
      "original": {
        "owner": "NorfairKing",
        "repo": "haskell-dependency-graph-nix",
        "type": "github"
      }
    },
    "linkcheck": {
      "flake": false,
      "locked": {
        "lastModified": 1722070597,
        "narHash": "sha256-egg9awOj0aN65c6j84bSfmXSN65b41TcvP65dI3YwkA=",
        "owner": "NorfairKing",
        "repo": "linkcheck",
        "rev": "9fd86c0dc41a4f9e45bb96376e4fc918a97ac878",
        "type": "github"
      },
      "original": {
        "owner": "NorfairKing",
        "repo": "linkcheck",
        "type": "github"
      }
    },
    "nixpkgs": {
      "locked": {
        "lastModified": 1720691131,
        "narHash": "sha256-CWT+KN8aTPyMIx8P303gsVxUnkinIz0a/Cmasz1jyIM=",
        "owner": "NixOS",
        "repo": "nixpkgs",
        "rev": "a046c1202e11b62cbede5385ba64908feb7bfac4",
        "type": "github"
      },
      "original": {
        "owner": "NixOS",
        "ref": "nixos-24.05",
        "repo": "nixpkgs",
        "type": "github"
      }
    },
    "nixpkgs-stable": {
      "locked": {
        "lastModified": 1720386169,
        "narHash": "sha256-NGKVY4PjzwAa4upkGtAMz1npHGoRzWotlSnVlqI40mo=",
        "owner": "NixOS",
        "repo": "nixpkgs",
        "rev": "194846768975b7ad2c4988bdb82572c00222c0d7",
        "type": "github"
      },
      "original": {
        "owner": "NixOS",
        "ref": "nixos-24.05",
        "repo": "nixpkgs",
        "type": "github"
      }
    },
    "nixpkgs_2": {
      "locked": {
        "lastModified": 1719082008,
        "narHash": "sha256-jHJSUH619zBQ6WdC21fFAlDxHErKVDJ5fpN0Hgx4sjs=",
        "owner": "NixOS",
        "repo": "nixpkgs",
        "rev": "9693852a2070b398ee123a329e68f0dab5526681",
        "type": "github"
      },
      "original": {
        "owner": "NixOS",
        "ref": "nixpkgs-unstable",
        "repo": "nixpkgs",
        "type": "github"
      }
    },
    "opt-env-conf": {
      "flake": false,
      "locked": {
        "lastModified": 1722204984,
        "narHash": "sha256-Uwn811TQAG8gtcbw1CRs564cc6V9/eXSQtS27i1QFrY=",
        "owner": "NorfairKing",
        "repo": "opt-env-conf",
        "rev": "ecfcf2a41edad94fd2b7c1d0bdd8654fbcb1545c",
        "type": "github"
      },
      "original": {
        "owner": "NorfairKing",
        "repo": "opt-env-conf",
        "type": "github"
      }
    },
    "pre-commit-hooks": {
      "inputs": {
        "flake-compat": "flake-compat",
        "gitignore": "gitignore",
        "nixpkgs": "nixpkgs_2",
        "nixpkgs-stable": "nixpkgs-stable"
      },
      "locked": {
        "lastModified": 1720524665,
        "narHash": "sha256-ni/87oHPZm6Gv0ECYxr1f6uxB0UKBWJ6HvS7lwLU6oY=",
        "owner": "cachix",
        "repo": "pre-commit-hooks.nix",
        "rev": "8d6a17d0cdf411c55f12602624df6368ad86fac1",
        "type": "github"
      },
      "original": {
        "owner": "cachix",
        "repo": "pre-commit-hooks.nix",
        "type": "github"
      }
    },
    "really-safe-money": {
      "flake": false,
      "locked": {
        "lastModified": 1731865622,
        "narHash": "sha256-dIhtJ0zQj95Q0eKK3wYW+G21XGczogRhyMoZ0YmQxWU=",
        "owner": "NorfairKing",
        "repo": "really-safe-money",
        "rev": "11ae98bc0bfd590f3802d2bb6d94fc77ffb34515",
        "type": "github"
      },
      "original": {
        "owner": "NorfairKing",
        "repo": "really-safe-money",
        "type": "github"
      }
    },
    "root": {
      "inputs": {
        "autodocodec": "autodocodec",
        "dekking": "dekking",
        "haskell-dependency-graph-nix": "haskell-dependency-graph-nix",
        "linkcheck": "linkcheck",
        "nixpkgs": "nixpkgs",
        "opt-env-conf": "opt-env-conf",
        "pre-commit-hooks": "pre-commit-hooks",
        "really-safe-money": "really-safe-money",
        "safe-coloured-text": "safe-coloured-text",
        "seocheck": "seocheck",
        "sydtest": "sydtest",
        "template-haskell-reload": "template-haskell-reload",
        "validity": "validity",
        "weeder-nix": "weeder-nix",
        "yesod-autoreload": "yesod-autoreload",
        "yesod-static-remote": "yesod-static-remote"
      }
    },
    "safe-coloured-text": {
      "flake": false,
      "locked": {
        "lastModified": 1721401843,
        "narHash": "sha256-vLE7xo1A4pnjJVsbwCm+A1N5osuhWbVcrPZDNL0g6C0=",
        "owner": "NorfairKing",
        "repo": "safe-coloured-text",
        "rev": "26b7657428f277f819a0831cbddddb7f4c5408f9",
        "type": "github"
      },
      "original": {
        "owner": "NorfairKing",
        "repo": "safe-coloured-text",
        "type": "github"
      }
    },
    "seocheck": {
      "flake": false,
      "locked": {
        "lastModified": 1722070599,
        "narHash": "sha256-UV5hlh07Um9JUs3WzU+RHCvbYQJ+Zu9BrT6sYOdLSU8=",
        "owner": "NorfairKing",
        "repo": "seocheck",
        "rev": "125c6ed7ce7b5dd9a867a896e7ac7cccd57c2866",
        "type": "github"
      },
      "original": {
        "owner": "NorfairKing",
        "repo": "seocheck",
        "type": "github"
      }
    },
    "sydtest": {
      "flake": false,
      "locked": {
        "lastModified": 1717391148,
        "narHash": "sha256-LDjuZAqincm814E0wCsiZEHKiwLx20srJyAkUsCYpTA=",
        "owner": "NorfairKing",
        "repo": "sydtest",
        "rev": "6be618a53366d2453ba55da6cddc119d6d589916",
        "type": "github"
      },
      "original": {
        "owner": "NorfairKing",
        "repo": "sydtest",
        "type": "github"
      }
    },
    "template-haskell-reload": {
      "flake": false,
      "locked": {
        "lastModified": 1701875519,
        "narHash": "sha256-VkEVHmTp/uBatmKtEFK7aAZX6Yq3Rd932KMdnljh7tA=",
        "owner": "NorfairKing",
        "repo": "template-haskell-reload",
        "rev": "5e8acede90523942cb626d9d47873e477f831423",
        "type": "github"
      },
      "original": {
        "owner": "NorfairKing",
        "repo": "template-haskell-reload",
        "type": "github"
      }
    },
    "validity": {
      "flake": false,
      "locked": {
        "lastModified": 1717390480,
        "narHash": "sha256-+l3WF6uhVoZhoOipKrTEAuI5fPlmz/X5lPa7maTdYY4=",
        "owner": "NorfairKing",
        "repo": "validity",
        "rev": "b7bf25ca71a0b3f56f58326357c5148246a7a23e",
        "type": "github"
      },
      "original": {
        "owner": "NorfairKing",
        "repo": "validity",
        "type": "github"
      }
    },
    "weeder-nix": {
      "flake": false,
      "locked": {
        "lastModified": 1712652513,
        "narHash": "sha256-etbllbKKJNVHogT89VkgevuaSLa0SA24OGpSDKTrGX0=",
        "owner": "NorfairKing",
        "repo": "weeder-nix",
        "rev": "d49eebf716fd512d5e521bfed49c3281ca12dc1c",
        "type": "github"
      },
      "original": {
        "owner": "NorfairKing",
        "repo": "weeder-nix",
        "type": "github"
      }
    },
    "yesod-autoreload": {
      "flake": false,
      "locked": {
        "lastModified": 1701870511,
        "narHash": "sha256-Bk4w5HDdN3CyIIxrKDsNe0uB79aWn/gqb8O80XxB3o0=",
        "owner": "NorfairKing",
        "repo": "yesod-autoreload",
        "rev": "f6455e7ccb58c8e13c4698869812e73e015f94fc",
        "type": "github"
      },
      "original": {
        "owner": "NorfairKing",
        "repo": "yesod-autoreload",
        "type": "github"
      }
    },
    "yesod-static-remote": {
      "flake": false,
      "locked": {
        "lastModified": 1685727661,
        "narHash": "sha256-4mTiQQtrDsiV2KwYHX/8UHlbDr/oayj+nqJXoTlaPZw=",
        "owner": "NorfairKing",
        "repo": "yesod-static-remote",
        "rev": "f3a65a0012b0a82c963ec027732be18d45c0c991",
        "type": "github"
      },
      "original": {
        "owner": "NorfairKing",
        "repo": "yesod-static-remote",
        "type": "github"
      }
    }
  },
  "root": "root",
  "version": 7
}
