# This file was autogenerated by Stack.
# You should not edit this file by hand.
# For more information, please see the documentation at:
#   https://docs.haskellstack.org/en/stable/lock_files

packages:
- completed:
    hackage: diagnose-2.5.1@sha256:853fd268d7fe0191b79d73187104bf7b4bc5ce3bc3483cb088dc10b09f18abc8,5977
    pantry-tree:
      sha256: 99b2b3c2b2d3769ef45b030b0578ac7b3ce8b1b68ae7dd511857e7690ad19f52
      size: 1401
  original:
    hackage: diagnose-2.5.1@sha256:853fd268d7fe0191b79d73187104bf7b4bc5ce3bc3483cb088dc10b09f18abc8,5977
- completed:
    name: yesod-static-remote
    pantry-tree:
      sha256: 2f3bc57045ff7f04ab9e067195e750d01e52123f8232826d95ceaff12a5af272
      size: 918
    sha256: 97144600fefa27b9f6585ed495ae525cf6c7f411ac8f797f0bfa1ed7333f9262
    size: 7163
    url: https://github.com/NorfairKing/yesod-static-remote/archive/7eda644dc369e16c3591847f6c7cad30846bf6b0.tar.gz
    version: 0.0.0.0
  original:
    url: https://github.com/NorfairKing/yesod-static-remote/archive/7eda644dc369e16c3591847f6c7cad30846bf6b0.tar.gz
- completed:
    name: yesod-autoreload
    pantry-tree:
      sha256: 08b06fb215b988082992a6c9ff61ebf04827f22058aa4861cb8e20b90f11c4bb
      size: 596
    sha256: d279123e608c3fbab61e20d0443d80280a3ee7e3e31ff2958b350449e3bda05b
    size: 3988
    url: https://github.com/NorfairKing/yesod-autoreload/archive/796def9af50cd7b053c9fb4a065c55603d4a8399.tar.gz
    version: 0.0.0.0
  original:
    url: https://github.com/NorfairKing/yesod-autoreload/archive/796def9af50cd7b053c9fb4a065c55603d4a8399.tar.gz
- completed:
    name: template-haskell-reload
    pantry-tree:
      sha256: af1b442b6fd16ed369ff936b9116200ef2d17c13b4d09cd55520072ed59ece38
      size: 375
    sha256: b28b10441ee5faf5234a3acebabbcfd18c63b88db2e3a6bfb5730c023f057c90
    size: 4335
    subdir: template-haskell-reload
    url: https://github.com/NorfairKing/template-haskell-reload/archive/c416550db3f353bad65980a8ecd9b3b81fa504bd.tar.gz
    version: 0.0.0.0
  original:
    subdir: template-haskell-reload
    url: https://github.com/NorfairKing/template-haskell-reload/archive/c416550db3f353bad65980a8ecd9b3b81fa504bd.tar.gz
- completed:
    name: fast-myers-diff
    pantry-tree:
      sha256: db8ab250fbc9f1c47bf861083806297c898f677e3e6ed517e67b94aafff87e82
      size: 430
    sha256: 369e93b88b491fc6e4176a5af90351dab33b5ec516e361220ee000e3ffd13914
    size: 13855
    subdir: fast-myers-diff
    url: https://github.com/NorfairKing/fast-myers-diff/archive/4a5c31884b8fc399085bffacd15d6cb5624b3177.tar.gz
    version: 0.0.2
  original:
    subdir: fast-myers-diff
    url: https://github.com/NorfairKing/fast-myers-diff/archive/4a5c31884b8fc399085bffacd15d6cb5624b3177.tar.gz
- completed:
    name: really-safe-money
    pantry-tree:
      sha256: 0a47acdcc8447fae349a710fbd539f5e5c2874157a78f5abc7daa712fa7c9092
      size: 949
    sha256: 98a3f5921905253568bd1658d4c556e50e5df84d75caa1066f6d83b735c72c78
    size: 53169
    subdir: really-safe-money
    url: https://github.com/NorfairKing/really-safe-money/archive/1cc08efc4c60171fad43731c8e57c3908150d4b3.tar.gz
    version: 0.0.0.0
  original:
    subdir: really-safe-money
    url: https://github.com/NorfairKing/really-safe-money/archive/1cc08efc4c60171fad43731c8e57c3908150d4b3.tar.gz
- completed:
    name: really-safe-money-autodocodec
    pantry-tree:
      sha256: d37c183d7b368a5d0de2fec24d8a66e5720656ed47c039fb6761c7749d514a88
      size: 1657
    sha256: 98a3f5921905253568bd1658d4c556e50e5df84d75caa1066f6d83b735c72c78
    size: 53169
    subdir: really-safe-money-autodocodec
    url: https://github.com/NorfairKing/really-safe-money/archive/1cc08efc4c60171fad43731c8e57c3908150d4b3.tar.gz
    version: 0.0.0.0
  original:
    subdir: really-safe-money-autodocodec
    url: https://github.com/NorfairKing/really-safe-money/archive/1cc08efc4c60171fad43731c8e57c3908150d4b3.tar.gz
- completed:
    name: really-safe-money-gen
    pantry-tree:
      sha256: 428b463250560b10fed4a2e841729dafe42f367c276b3008cb2d19fda78758ce
      size: 1940
    sha256: 98a3f5921905253568bd1658d4c556e50e5df84d75caa1066f6d83b735c72c78
    size: 53169
    subdir: really-safe-money-gen
    url: https://github.com/NorfairKing/really-safe-money/archive/1cc08efc4c60171fad43731c8e57c3908150d4b3.tar.gz
    version: 0.0.0.0
  original:
    subdir: really-safe-money-gen
    url: https://github.com/NorfairKing/really-safe-money/archive/1cc08efc4c60171fad43731c8e57c3908150d4b3.tar.gz
- completed:
    name: safe-coloured-text
    pantry-tree:
      sha256: e570533758692db38e3765ba8e961d550351dcc7159bed9206b4f8ab8dfe78fb
      size: 530
    sha256: 4d5324f99a472501a12091f955f68241181e96ff49d87d4c3721d30bf5d743a4
    size: 39098
    subdir: safe-coloured-text
    url: https://github.com/NorfairKing/safe-coloured-text/archive/26b7657428f277f819a0831cbddddb7f4c5408f9.tar.gz
    version: 0.3.0.2
  original:
    subdir: safe-coloured-text
    url: https://github.com/NorfairKing/safe-coloured-text/archive/26b7657428f277f819a0831cbddddb7f4c5408f9.tar.gz
- completed:
    name: safe-coloured-text-layout
    pantry-tree:
      sha256: 85a95d47e433c3e4fdd4007a616954826531a191273d9de6759e2bde0be37c65
      size: 918
    sha256: 4d5324f99a472501a12091f955f68241181e96ff49d87d4c3721d30bf5d743a4
    size: 39098
    subdir: safe-coloured-text-layout
    url: https://github.com/NorfairKing/safe-coloured-text/archive/26b7657428f277f819a0831cbddddb7f4c5408f9.tar.gz
    version: 0.2.0.0
  original:
    subdir: safe-coloured-text-layout
    url: https://github.com/NorfairKing/safe-coloured-text/archive/26b7657428f277f819a0831cbddddb7f4c5408f9.tar.gz
- completed:
    name: safe-coloured-text-gen
    pantry-tree:
      sha256: 478208926c26ea2faf9a76b3df284fc3964babf4123260d4099a1a80f3bc0b6e
      size: 8960
    sha256: 4d5324f99a472501a12091f955f68241181e96ff49d87d4c3721d30bf5d743a4
    size: 39098
    subdir: safe-coloured-text-gen
    url: https://github.com/NorfairKing/safe-coloured-text/archive/26b7657428f277f819a0831cbddddb7f4c5408f9.tar.gz
    version: 0.0.0.3
  original:
    subdir: safe-coloured-text-gen
    url: https://github.com/NorfairKing/safe-coloured-text/archive/26b7657428f277f819a0831cbddddb7f4c5408f9.tar.gz
- completed:
    name: validity
    pantry-tree:
      sha256: 97cdf88d0789d4d42c3b5c24bc37b1391c2f2ad949ca58fefe3a2416a9161de4
      size: 442
    sha256: 18255f037d3e448e6e7798b66636fcf27f87c880cb0ebb8bb2ffbf8801b64b5b
    size: 134046
    subdir: validity
    url: https://github.com/NorfairKing/validity/archive/51b8843b9bd5228160b99f653d3271147245d689.tar.gz
    version: 0.12.1.0
  original:
    subdir: validity
    url: https://github.com/NorfairKing/validity/archive/51b8843b9bd5228160b99f653d3271147245d689.tar.gz
- completed:
    name: validity-dlist
    pantry-tree:
      sha256: 15b58ba10d86dc987995c2ec179de0e2274e767ef999c2fb5e8ddc99a66e125c
      size: 402
    sha256: 18255f037d3e448e6e7798b66636fcf27f87c880cb0ebb8bb2ffbf8801b64b5b
    size: 134046
    subdir: validity-dlist
    url: https://github.com/NorfairKing/validity/archive/51b8843b9bd5228160b99f653d3271147245d689.tar.gz
    version: 0.1.0.1
  original:
    subdir: validity-dlist
    url: https://github.com/NorfairKing/validity/archive/51b8843b9bd5228160b99f653d3271147245d689.tar.gz
- completed:
    name: genvalidity
    pantry-tree:
      sha256: f811121be1cf3bf481911d3782d95e27adea1b39de0d6a6090a61d4f882e1613
      size: 748
    sha256: 18255f037d3e448e6e7798b66636fcf27f87c880cb0ebb8bb2ffbf8801b64b5b
    size: 134046
    subdir: genvalidity
    url: https://github.com/NorfairKing/validity/archive/51b8843b9bd5228160b99f653d3271147245d689.tar.gz
    version: 1.1.1.0
  original:
    subdir: genvalidity
    url: https://github.com/NorfairKing/validity/archive/51b8843b9bd5228160b99f653d3271147245d689.tar.gz
- completed:
    name: genvalidity-dlist
    pantry-tree:
      sha256: b0f19f9fbd0c0b4adbbaad480dbfe378570f623a1a52113c3d93b7462243e98d
      size: 411
    sha256: 18255f037d3e448e6e7798b66636fcf27f87c880cb0ebb8bb2ffbf8801b64b5b
    size: 134046
    subdir: genvalidity-dlist
    url: https://github.com/NorfairKing/validity/archive/51b8843b9bd5228160b99f653d3271147245d689.tar.gz
    version: 0.1.0.1
  original:
    subdir: genvalidity-dlist
    url: https://github.com/NorfairKing/validity/archive/51b8843b9bd5228160b99f653d3271147245d689.tar.gz
- completed:
    name: autodocodec
    pantry-tree:
      sha256: 796ef7946dd4ee4a8a33ad72e45931d0cda8c05529c88ce0a348c6ef9e8fcfc2
      size: 914
    sha256: 00cddd0ec33ebaa020cefce9dca1034f3b1344cc7221cc4f881f87490298fbe3
    size: 100149
    subdir: autodocodec
    url: https://github.com/NorfairKing/autodocodec/archive/7439601de128dadf562430f4216cbdb28580ed20.tar.gz
    version: 0.4.2.2
  original:
    subdir: autodocodec
    url: https://github.com/NorfairKing/autodocodec/archive/7439601de128dadf562430f4216cbdb28580ed20.tar.gz
- completed:
    name: autodocodec-nix
    pantry-tree:
      sha256: d7b47bbe5431a624d19d57a8653c10a56fe9b64b54f505496e46512c9b812a4a
      size: 595
    sha256: 00cddd0ec33ebaa020cefce9dca1034f3b1344cc7221cc4f881f87490298fbe3
    size: 100149
    subdir: autodocodec-nix
    url: https://github.com/NorfairKing/autodocodec/archive/7439601de128dadf562430f4216cbdb28580ed20.tar.gz
    version: 0.1.0.0
  original:
    subdir: autodocodec-nix
    url: https://github.com/NorfairKing/autodocodec/archive/7439601de128dadf562430f4216cbdb28580ed20.tar.gz
- completed:
    name: autodocodec-schema
    pantry-tree:
      sha256: 05f5f3a98c0ec24cbdc0c55341c226aaedec79721327b6f8b0db9555c2961eeb
      size: 387
    sha256: 00cddd0ec33ebaa020cefce9dca1034f3b1344cc7221cc4f881f87490298fbe3
    size: 100149
    subdir: autodocodec-schema
    url: https://github.com/NorfairKing/autodocodec/archive/7439601de128dadf562430f4216cbdb28580ed20.tar.gz
    version: 0.2.0.1
  original:
    subdir: autodocodec-schema
    url: https://github.com/NorfairKing/autodocodec/archive/7439601de128dadf562430f4216cbdb28580ed20.tar.gz
- completed:
    name: autodocodec-yaml
    pantry-tree:
      sha256: 9eed7953d5eb1818c7e1fc0c47b692d2d172c081a096c8cd92303fde5a1e9328
      size: 592
    sha256: 00cddd0ec33ebaa020cefce9dca1034f3b1344cc7221cc4f881f87490298fbe3
    size: 100149
    subdir: autodocodec-yaml
    url: https://github.com/NorfairKing/autodocodec/archive/7439601de128dadf562430f4216cbdb28580ed20.tar.gz
    version: 0.4.0.1
  original:
    subdir: autodocodec-yaml
    url: https://github.com/NorfairKing/autodocodec/archive/7439601de128dadf562430f4216cbdb28580ed20.tar.gz
- completed:
    name: opt-env-conf
    pantry-tree:
      sha256: e64053928fc8ac59bea91dc9834f79d2c931fa4bd539eb8c37e2e5b53f643d10
      size: 1368
    sha256: acdb201fdfc1869c28a104a9a2699e4208ac00b55ebabfb7acd21ab24f2e397b
    size: 105896
    subdir: opt-env-conf
    url: https://github.com/NorfairKing/opt-env-conf/archive/f1a744f9497e0c0e017262dfa24b7aefe5250dd0.tar.gz
    version: 0.9.0.0
  original:
    subdir: opt-env-conf
    url: https://github.com/NorfairKing/opt-env-conf/archive/f1a744f9497e0c0e017262dfa24b7aefe5250dd0.tar.gz
- completed:
    name: opt-env-conf-test
    pantry-tree:
      sha256: 0fca0be42239dede39ea9268871f53755f820ccd1b45ce0fd85f55f14c951444
      size: 28172
    sha256: acdb201fdfc1869c28a104a9a2699e4208ac00b55ebabfb7acd21ab24f2e397b
    size: 105896
    subdir: opt-env-conf-test
    url: https://github.com/NorfairKing/opt-env-conf/archive/f1a744f9497e0c0e017262dfa24b7aefe5250dd0.tar.gz
    version: 0.0.0.2
  original:
    subdir: opt-env-conf-test
    url: https://github.com/NorfairKing/opt-env-conf/archive/f1a744f9497e0c0e017262dfa24b7aefe5250dd0.tar.gz
snapshots:
- completed:
    sha256: 296a7960c37efa382432ab497161a092684191815eb92a608c5d6ea5f894ace3
    size: 683835
    url: https://raw.githubusercontent.com/commercialhaskell/stackage-snapshots/master/lts/23/19.yaml
  original: lts-23.19
