# This file was autogenerated by Stack.
# You should not edit this file by hand.
# For more information, please see the documentation at:
#   https://docs.haskellstack.org/en/stable/lock_files

packages:
- completed:
    hackage: diagnose-2.5.1@sha256:853fd268d7fe0191b79d73187104bf7b4bc5ce3bc3483cb088dc10b09f18abc8,5977
    pantry-tree:
      sha256: 99b2b3c2b2d3769ef45b030b0578ac7b3ce8b1b68ae7dd511857e7690ad19f52
      size: 1401
  original:
    hackage: diagnose-2.5.1@sha256:853fd268d7fe0191b79d73187104bf7b4bc5ce3bc3483cb088dc10b09f18abc8,5977
- completed:
    name: yesod-static-remote
    pantry-tree:
      sha256: 2f3bc57045ff7f04ab9e067195e750d01e52123f8232826d95ceaff12a5af272
      size: 918
    sha256: 97144600fefa27b9f6585ed495ae525cf6c7f411ac8f797f0bfa1ed7333f9262
    size: 7163
    url: https://github.com/NorfairKing/yesod-static-remote/archive/7eda644dc369e16c3591847f6c7cad30846bf6b0.tar.gz
    version: 0.0.0.0
  original:
    url: https://github.com/NorfairKing/yesod-static-remote/archive/7eda644dc369e16c3591847f6c7cad30846bf6b0.tar.gz
- completed:
    name: yesod-autoreload
    pantry-tree:
      sha256: 08b06fb215b988082992a6c9ff61ebf04827f22058aa4861cb8e20b90f11c4bb
      size: 596
    sha256: d279123e608c3fbab61e20d0443d80280a3ee7e3e31ff2958b350449e3bda05b
    size: 3988
    url: https://github.com/NorfairKing/yesod-autoreload/archive/796def9af50cd7b053c9fb4a065c55603d4a8399.tar.gz
    version: 0.0.0.0
  original:
    url: https://github.com/NorfairKing/yesod-autoreload/archive/796def9af50cd7b053c9fb4a065c55603d4a8399.tar.gz
- completed:
    name: template-haskell-reload
    pantry-tree:
      sha256: af1b442b6fd16ed369ff936b9116200ef2d17c13b4d09cd55520072ed59ece38
      size: 375
    sha256: b28b10441ee5faf5234a3acebabbcfd18c63b88db2e3a6bfb5730c023f057c90
    size: 4335
    subdir: template-haskell-reload
    url: https://github.com/NorfairKing/template-haskell-reload/archive/c416550db3f353bad65980a8ecd9b3b81fa504bd.tar.gz
    version: 0.0.0.0
  original:
    subdir: template-haskell-reload
    url: https://github.com/NorfairKing/template-haskell-reload/archive/c416550db3f353bad65980a8ecd9b3b81fa504bd.tar.gz
- completed:
    name: really-safe-money
    pantry-tree:
      sha256: 0631b2c0d873a7b3e56814f071b63527b4bda6e05261445d60702ce9ec3af241
      size: 949
    sha256: 51e64429316d5a88567cb50be57293ada14da4b7620d6637e6570a3269c1d722
    size: 52249
    subdir: really-safe-money
    url: https://github.com/NorfairKing/really-safe-money/archive/954209a8bf1f4c9843fc789cde8cd44955ac92f1.tar.gz
    version: 0.0.0.0
  original:
    subdir: really-safe-money
    url: https://github.com/NorfairKing/really-safe-money/archive/954209a8bf1f4c9843fc789cde8cd44955ac92f1.tar.gz
- completed:
    name: really-safe-money-autodocodec
    pantry-tree:
      sha256: c577666d3110dcd21b1e7cdadfc53e2041883d99a5e36f3055c21d30dbcb3dac
      size: 1376
    sha256: 51e64429316d5a88567cb50be57293ada14da4b7620d6637e6570a3269c1d722
    size: 52249
    subdir: really-safe-money-autodocodec
    url: https://github.com/NorfairKing/really-safe-money/archive/954209a8bf1f4c9843fc789cde8cd44955ac92f1.tar.gz
    version: 0.0.0.0
  original:
    subdir: really-safe-money-autodocodec
    url: https://github.com/NorfairKing/really-safe-money/archive/954209a8bf1f4c9843fc789cde8cd44955ac92f1.tar.gz
- completed:
    name: really-safe-money-gen
    pantry-tree:
      sha256: 4029deadb533dc7301151b14bfbc6c7044a333febff78a67c91916c7e0cf2b5e
      size: 1940
    sha256: 51e64429316d5a88567cb50be57293ada14da4b7620d6637e6570a3269c1d722
    size: 52249
    subdir: really-safe-money-gen
    url: https://github.com/NorfairKing/really-safe-money/archive/954209a8bf1f4c9843fc789cde8cd44955ac92f1.tar.gz
    version: 0.0.0.0
  original:
    subdir: really-safe-money-gen
    url: https://github.com/NorfairKing/really-safe-money/archive/954209a8bf1f4c9843fc789cde8cd44955ac92f1.tar.gz
- completed:
    name: autodocodec
    pantry-tree:
      sha256: 43e9568b96fd2eb0942d08c9d47f69fb4a0fba859458c312cdab51434d852df6
      size: 912
    sha256: 1350492dcb91897be1326d6c9158de8e7035d9853b4119b4360a11190f25ce01
    size: 80362
    subdir: autodocodec
    url: https://github.com/NorfairKing/autodocodec/archive/0e48f4dd464b87471008b74fba2b997b80729fc2.tar.gz
    version: 0.2.2.0
  original:
    subdir: autodocodec
    url: https://github.com/NorfairKing/autodocodec/archive/0e48f4dd464b87471008b74fba2b997b80729fc2.tar.gz
- completed:
    name: autodocodec-yaml
    pantry-tree:
      sha256: a0bfe70f6c81b54cf6de6924df774d16e4132f37d69c77dfeef7660530a50d26
      size: 591
    sha256: 1350492dcb91897be1326d6c9158de8e7035d9853b4119b4360a11190f25ce01
    size: 80362
    subdir: autodocodec-yaml
    url: https://github.com/NorfairKing/autodocodec/archive/0e48f4dd464b87471008b74fba2b997b80729fc2.tar.gz
    version: 0.2.0.3
  original:
    subdir: autodocodec-yaml
    url: https://github.com/NorfairKing/autodocodec/archive/0e48f4dd464b87471008b74fba2b997b80729fc2.tar.gz
- completed:
    name: autodocodec-schema
    pantry-tree:
      sha256: de7f401fc1f895fe94b5c21ce81f048c3d395d701da3006ed70706819189d32c
      size: 387
    sha256: 1350492dcb91897be1326d6c9158de8e7035d9853b4119b4360a11190f25ce01
    size: 80362
    subdir: autodocodec-schema
    url: https://github.com/NorfairKing/autodocodec/archive/0e48f4dd464b87471008b74fba2b997b80729fc2.tar.gz
    version: 0.1.0.3
  original:
    subdir: autodocodec-schema
    url: https://github.com/NorfairKing/autodocodec/archive/0e48f4dd464b87471008b74fba2b997b80729fc2.tar.gz
- completed:
    name: genvalidity
    pantry-tree:
      sha256: a793070e3cfed63fcad552416e952d7b53957e4d4830d60e0f7f76fb380d2114
      size: 697
    sha256: 70858a5685bc4fbe9e0dc1d5ed78ff5ec5d320555d1d57168ba357b661efc4e2
    size: 127125
    subdir: genvalidity
    url: https://github.com/NorfairKing/validity/archive/657cf4bdc2731387abea6e707b88d381d5218616.tar.gz
    version: 1.1.0.0
  original:
    subdir: genvalidity
    url: https://github.com/NorfairKing/validity/archive/657cf4bdc2731387abea6e707b88d381d5218616.tar.gz
- completed:
    name: genvalidity-aeson
    pantry-tree:
      sha256: 7bdc9a72d7b0355f68067be982d5ee66474ebc03b7ef24b9297f081f5c1682bc
      size: 465
    sha256: 70858a5685bc4fbe9e0dc1d5ed78ff5ec5d320555d1d57168ba357b661efc4e2
    size: 127125
    subdir: genvalidity-aeson
    url: https://github.com/NorfairKing/validity/archive/657cf4bdc2731387abea6e707b88d381d5218616.tar.gz
    version: 1.1.0.0
  original:
    subdir: genvalidity-aeson
    url: https://github.com/NorfairKing/validity/archive/657cf4bdc2731387abea6e707b88d381d5218616.tar.gz
- completed:
    name: genvalidity-bytestring
    pantry-tree:
      sha256: 1d7565491165508d9b5cdc4dba8d68f3bf0b3c59684dcc75f7e375a99fdf2fd5
      size: 485
    sha256: 70858a5685bc4fbe9e0dc1d5ed78ff5ec5d320555d1d57168ba357b661efc4e2
    size: 127125
    subdir: genvalidity-bytestring
    url: https://github.com/NorfairKing/validity/archive/657cf4bdc2731387abea6e707b88d381d5218616.tar.gz
    version: 1.0.0.1
  original:
    subdir: genvalidity-bytestring
    url: https://github.com/NorfairKing/validity/archive/657cf4bdc2731387abea6e707b88d381d5218616.tar.gz
- completed:
    name: genvalidity-case-insensitive
    pantry-tree:
      sha256: ad628dc1fda4f5d7c9cca5e8dfc2f6889a17ff4bbcd497210f722c84b8a959f6
      size: 450
    sha256: 70858a5685bc4fbe9e0dc1d5ed78ff5ec5d320555d1d57168ba357b661efc4e2
    size: 127125
    subdir: genvalidity-case-insensitive
    url: https://github.com/NorfairKing/validity/archive/657cf4bdc2731387abea6e707b88d381d5218616.tar.gz
    version: 0.0.0.1
  original:
    subdir: genvalidity-case-insensitive
    url: https://github.com/NorfairKing/validity/archive/657cf4bdc2731387abea6e707b88d381d5218616.tar.gz
- completed:
    name: genvalidity-containers
    pantry-tree:
      sha256: 7d19388358d6cb140227ab153483481e388d0e84bf27a40952783434f67b8f4e
      size: 1015
    sha256: 70858a5685bc4fbe9e0dc1d5ed78ff5ec5d320555d1d57168ba357b661efc4e2
    size: 127125
    subdir: genvalidity-containers
    url: https://github.com/NorfairKing/validity/archive/657cf4bdc2731387abea6e707b88d381d5218616.tar.gz
    version: 1.0.0.1
  original:
    subdir: genvalidity-containers
    url: https://github.com/NorfairKing/validity/archive/657cf4bdc2731387abea6e707b88d381d5218616.tar.gz
- completed:
    name: genvalidity-criterion
    pantry-tree:
      sha256: 194a6667d7c6f29d1ccae62ab13543bec44a59d80cea0ce130ca9a61e2892ef2
      size: 352
    sha256: 70858a5685bc4fbe9e0dc1d5ed78ff5ec5d320555d1d57168ba357b661efc4e2
    size: 127125
    subdir: genvalidity-criterion
    url: https://github.com/NorfairKing/validity/archive/657cf4bdc2731387abea6e707b88d381d5218616.tar.gz
    version: 1.1.0.0
  original:
    subdir: genvalidity-criterion
    url: https://github.com/NorfairKing/validity/archive/657cf4bdc2731387abea6e707b88d381d5218616.tar.gz
- completed:
    name: genvalidity-hspec
    pantry-tree:
      sha256: e3369e121a614329120bd9efa59f453e94a10b1817709c47b89514127d4bea7c
      size: 1982
    sha256: 70858a5685bc4fbe9e0dc1d5ed78ff5ec5d320555d1d57168ba357b661efc4e2
    size: 127125
    subdir: genvalidity-hspec
    url: https://github.com/NorfairKing/validity/archive/657cf4bdc2731387abea6e707b88d381d5218616.tar.gz
    version: 1.0.0.2
  original:
    subdir: genvalidity-hspec
    url: https://github.com/NorfairKing/validity/archive/657cf4bdc2731387abea6e707b88d381d5218616.tar.gz
- completed:
    name: genvalidity-hspec-aeson
    pantry-tree:
      sha256: de9003dbf94cb20de64404ae725e64bcdbcb2e70d835f4872c5a1c1565a33c8b
      size: 463
    sha256: 70858a5685bc4fbe9e0dc1d5ed78ff5ec5d320555d1d57168ba357b661efc4e2
    size: 127125
    subdir: genvalidity-hspec-aeson
    url: https://github.com/NorfairKing/validity/archive/657cf4bdc2731387abea6e707b88d381d5218616.tar.gz
    version: 1.0.0.0
  original:
    subdir: genvalidity-hspec-aeson
    url: https://github.com/NorfairKing/validity/archive/657cf4bdc2731387abea6e707b88d381d5218616.tar.gz
- completed:
    name: genvalidity-hspec-binary
    pantry-tree:
      sha256: e6dec8f52c4be1b1bcad2474ed0f618e463da1b308a6c98359aedb7271a821c7
      size: 417
    sha256: 70858a5685bc4fbe9e0dc1d5ed78ff5ec5d320555d1d57168ba357b661efc4e2
    size: 127125
    subdir: genvalidity-hspec-binary
    url: https://github.com/NorfairKing/validity/archive/657cf4bdc2731387abea6e707b88d381d5218616.tar.gz
    version: 1.0.0.0
  original:
    subdir: genvalidity-hspec-binary
    url: https://github.com/NorfairKing/validity/archive/657cf4bdc2731387abea6e707b88d381d5218616.tar.gz
- completed:
    name: genvalidity-hspec-cereal
    pantry-tree:
      sha256: fc09f7e1275cd7771b277abc2a7db8258894eec65d84e8e0650f3fd0cb88e02c
      size: 466
    sha256: 70858a5685bc4fbe9e0dc1d5ed78ff5ec5d320555d1d57168ba357b661efc4e2
    size: 127125
    subdir: genvalidity-hspec-cereal
    url: https://github.com/NorfairKing/validity/archive/657cf4bdc2731387abea6e707b88d381d5218616.tar.gz
    version: 1.0.0.0
  original:
    subdir: genvalidity-hspec-cereal
    url: https://github.com/NorfairKing/validity/archive/657cf4bdc2731387abea6e707b88d381d5218616.tar.gz
- completed:
    name: genvalidity-hspec-hashable
    pantry-tree:
      sha256: 690addb83ef6b50a5c4061248bb618f87de918e4f06917a58ae05eae5915549d
      size: 424
    sha256: 70858a5685bc4fbe9e0dc1d5ed78ff5ec5d320555d1d57168ba357b661efc4e2
    size: 127125
    subdir: genvalidity-hspec-hashable
    url: https://github.com/NorfairKing/validity/archive/657cf4bdc2731387abea6e707b88d381d5218616.tar.gz
    version: 1.0.0.0
  original:
    subdir: genvalidity-hspec-hashable
    url: https://github.com/NorfairKing/validity/archive/657cf4bdc2731387abea6e707b88d381d5218616.tar.gz
- completed:
    name: genvalidity-hspec-optics
    pantry-tree:
      sha256: 0acd8f49e238904e9b815c17f579c31c3fdaa278b07a588dc7c20180a229c219
      size: 468
    sha256: 70858a5685bc4fbe9e0dc1d5ed78ff5ec5d320555d1d57168ba357b661efc4e2
    size: 127125
    subdir: genvalidity-hspec-optics
    url: https://github.com/NorfairKing/validity/archive/657cf4bdc2731387abea6e707b88d381d5218616.tar.gz
    version: 1.0.0.0
  original:
    subdir: genvalidity-hspec-optics
    url: https://github.com/NorfairKing/validity/archive/657cf4bdc2731387abea6e707b88d381d5218616.tar.gz
- completed:
    name: genvalidity-hspec-persistent
    pantry-tree:
      sha256: f8034acb7eb2640b6a370f3fe3a04b93a67ca856e6885d868f8b5b4a909cdfe1
      size: 472
    sha256: 70858a5685bc4fbe9e0dc1d5ed78ff5ec5d320555d1d57168ba357b661efc4e2
    size: 127125
    subdir: genvalidity-hspec-persistent
    url: https://github.com/NorfairKing/validity/archive/657cf4bdc2731387abea6e707b88d381d5218616.tar.gz
    version: 1.0.0.0
  original:
    subdir: genvalidity-hspec-persistent
    url: https://github.com/NorfairKing/validity/archive/657cf4bdc2731387abea6e707b88d381d5218616.tar.gz
- completed:
    name: genvalidity-network-uri
    pantry-tree:
      sha256: 89c89f5d6aba304aeae2b21759b411cb1e2ae310542b8c3fc0d0460e323cf1d6
      size: 424
    sha256: 70858a5685bc4fbe9e0dc1d5ed78ff5ec5d320555d1d57168ba357b661efc4e2
    size: 127125
    subdir: genvalidity-network-uri
    url: https://github.com/NorfairKing/validity/archive/657cf4bdc2731387abea6e707b88d381d5218616.tar.gz
    version: 0.1.0.0
  original:
    subdir: genvalidity-network-uri
    url: https://github.com/NorfairKing/validity/archive/657cf4bdc2731387abea6e707b88d381d5218616.tar.gz
- completed:
    name: genvalidity-path
    pantry-tree:
      sha256: 53535b4671465dd96680c43da06ff95724dd93b04cde5036e08af71c82b0932f
      size: 463
    sha256: 70858a5685bc4fbe9e0dc1d5ed78ff5ec5d320555d1d57168ba357b661efc4e2
    size: 127125
    subdir: genvalidity-path
    url: https://github.com/NorfairKing/validity/archive/657cf4bdc2731387abea6e707b88d381d5218616.tar.gz
    version: 1.0.0.1
  original:
    subdir: genvalidity-path
    url: https://github.com/NorfairKing/validity/archive/657cf4bdc2731387abea6e707b88d381d5218616.tar.gz
- completed:
    name: genvalidity-persistent
    pantry-tree:
      sha256: 64d7ad5a5503bceaab0979e2dd414a548128630d9ec534459fef25aec368ca6d
      size: 479
    sha256: 70858a5685bc4fbe9e0dc1d5ed78ff5ec5d320555d1d57168ba357b661efc4e2
    size: 127125
    subdir: genvalidity-persistent
    url: https://github.com/NorfairKing/validity/archive/657cf4bdc2731387abea6e707b88d381d5218616.tar.gz
    version: 1.0.0.1
  original:
    subdir: genvalidity-persistent
    url: https://github.com/NorfairKing/validity/archive/657cf4bdc2731387abea6e707b88d381d5218616.tar.gz
- completed:
    name: genvalidity-property
    pantry-tree:
      sha256: 494f91d56ffabd357064535a60f37f9cd33406e9f35743020a8355b12b2371e5
      size: 2022
    sha256: 70858a5685bc4fbe9e0dc1d5ed78ff5ec5d320555d1d57168ba357b661efc4e2
    size: 127125
    subdir: genvalidity-property
    url: https://github.com/NorfairKing/validity/archive/657cf4bdc2731387abea6e707b88d381d5218616.tar.gz
    version: 1.0.0.0
  original:
    subdir: genvalidity-property
    url: https://github.com/NorfairKing/validity/archive/657cf4bdc2731387abea6e707b88d381d5218616.tar.gz
- completed:
    name: genvalidity-scientific
    pantry-tree:
      sha256: 75c2a4abdf97a81d16c25ebc6870dd05f5920be9ce87f27cfe4039814833816a
      size: 428
    sha256: 70858a5685bc4fbe9e0dc1d5ed78ff5ec5d320555d1d57168ba357b661efc4e2
    size: 127125
    subdir: genvalidity-scientific
    url: https://github.com/NorfairKing/validity/archive/657cf4bdc2731387abea6e707b88d381d5218616.tar.gz
    version: 1.0.0.0
  original:
    subdir: genvalidity-scientific
    url: https://github.com/NorfairKing/validity/archive/657cf4bdc2731387abea6e707b88d381d5218616.tar.gz
- completed:
    name: genvalidity-sydtest
    pantry-tree:
      sha256: 19f4e6e9d8372f741f40526b8079bd560b51e75dafd7cfddd1dab6929be8e02c
      size: 3914
    sha256: 70858a5685bc4fbe9e0dc1d5ed78ff5ec5d320555d1d57168ba357b661efc4e2
    size: 127125
    subdir: genvalidity-sydtest
    url: https://github.com/NorfairKing/validity/archive/657cf4bdc2731387abea6e707b88d381d5218616.tar.gz
    version: 1.0.0.0
  original:
    subdir: genvalidity-sydtest
    url: https://github.com/NorfairKing/validity/archive/657cf4bdc2731387abea6e707b88d381d5218616.tar.gz
- completed:
    name: genvalidity-sydtest-aeson
    pantry-tree:
      sha256: 24814fce1f4e0214fd08016bba642655b9de097978c192c370acc60847fc0dc2
      size: 473
    sha256: 70858a5685bc4fbe9e0dc1d5ed78ff5ec5d320555d1d57168ba357b661efc4e2
    size: 127125
    subdir: genvalidity-sydtest-aeson
    url: https://github.com/NorfairKing/validity/archive/657cf4bdc2731387abea6e707b88d381d5218616.tar.gz
    version: 1.0.0.0
  original:
    subdir: genvalidity-sydtest-aeson
    url: https://github.com/NorfairKing/validity/archive/657cf4bdc2731387abea6e707b88d381d5218616.tar.gz
- completed:
    name: genvalidity-sydtest-hashable
    pantry-tree:
      sha256: a57c3322659385a568a7dc0ec6287c880b55f262ec82e2fab1e40f35c80be5d3
      size: 434
    sha256: 70858a5685bc4fbe9e0dc1d5ed78ff5ec5d320555d1d57168ba357b661efc4e2
    size: 127125
    subdir: genvalidity-sydtest-hashable
    url: https://github.com/NorfairKing/validity/archive/657cf4bdc2731387abea6e707b88d381d5218616.tar.gz
    version: 1.0.0.0
  original:
    subdir: genvalidity-sydtest-hashable
    url: https://github.com/NorfairKing/validity/archive/657cf4bdc2731387abea6e707b88d381d5218616.tar.gz
- completed:
    name: genvalidity-sydtest-lens
    pantry-tree:
      sha256: 95c9a71349325f30ce6536c443e82374ce723a720b552db39470d00531cb1d02
      size: 471
    sha256: 70858a5685bc4fbe9e0dc1d5ed78ff5ec5d320555d1d57168ba357b661efc4e2
    size: 127125
    subdir: genvalidity-sydtest-lens
    url: https://github.com/NorfairKing/validity/archive/657cf4bdc2731387abea6e707b88d381d5218616.tar.gz
    version: 1.0.0.0
  original:
    subdir: genvalidity-sydtest-lens
    url: https://github.com/NorfairKing/validity/archive/657cf4bdc2731387abea6e707b88d381d5218616.tar.gz
- completed:
    name: genvalidity-sydtest-persistent
    pantry-tree:
      sha256: b46e9ba5fe4eb2f9de4ee80b07dcfce710a1b04446d22b03b31af39a70130eb4
      size: 482
    sha256: 70858a5685bc4fbe9e0dc1d5ed78ff5ec5d320555d1d57168ba357b661efc4e2
    size: 127125
    subdir: genvalidity-sydtest-persistent
    url: https://github.com/NorfairKing/validity/archive/657cf4bdc2731387abea6e707b88d381d5218616.tar.gz
    version: 1.0.0.0
  original:
    subdir: genvalidity-sydtest-persistent
    url: https://github.com/NorfairKing/validity/archive/657cf4bdc2731387abea6e707b88d381d5218616.tar.gz
- completed:
    name: genvalidity-text
    pantry-tree:
      sha256: d4c8c06901fb747c58cc68e1057553eb6b7166bff5c69dcf220bedb8f95161b8
      size: 466
    sha256: 70858a5685bc4fbe9e0dc1d5ed78ff5ec5d320555d1d57168ba357b661efc4e2
    size: 127125
    subdir: genvalidity-text
    url: https://github.com/NorfairKing/validity/archive/657cf4bdc2731387abea6e707b88d381d5218616.tar.gz
    version: 1.0.0.1
  original:
    subdir: genvalidity-text
    url: https://github.com/NorfairKing/validity/archive/657cf4bdc2731387abea6e707b88d381d5218616.tar.gz
- completed:
    name: genvalidity-time
    pantry-tree:
      sha256: 34042bf16c649a16af39b75a1f11690b1017102364bea3f36c761af48aa1f5e7
      size: 770
    sha256: 70858a5685bc4fbe9e0dc1d5ed78ff5ec5d320555d1d57168ba357b661efc4e2
    size: 127125
    subdir: genvalidity-time
    url: https://github.com/NorfairKing/validity/archive/657cf4bdc2731387abea6e707b88d381d5218616.tar.gz
    version: 1.0.0.1
  original:
    subdir: genvalidity-time
    url: https://github.com/NorfairKing/validity/archive/657cf4bdc2731387abea6e707b88d381d5218616.tar.gz
- completed:
    name: genvalidity-unordered-containers
    pantry-tree:
      sha256: a6696d2b5ffe9f3ef36704833bcd8fb8560e10cfb20924acc49b8c5492825239
      size: 595
    sha256: 70858a5685bc4fbe9e0dc1d5ed78ff5ec5d320555d1d57168ba357b661efc4e2
    size: 127125
    subdir: genvalidity-unordered-containers
    url: https://github.com/NorfairKing/validity/archive/657cf4bdc2731387abea6e707b88d381d5218616.tar.gz
    version: 1.0.0.0
  original:
    subdir: genvalidity-unordered-containers
    url: https://github.com/NorfairKing/validity/archive/657cf4bdc2731387abea6e707b88d381d5218616.tar.gz
- completed:
    name: genvalidity-uuid
    pantry-tree:
      sha256: 3294878a803b7c1cf7476d6ce3b673f4129e4c9c6e9ff46707f41fa953295a47
      size: 464
    sha256: 70858a5685bc4fbe9e0dc1d5ed78ff5ec5d320555d1d57168ba357b661efc4e2
    size: 127125
    subdir: genvalidity-uuid
    url: https://github.com/NorfairKing/validity/archive/657cf4bdc2731387abea6e707b88d381d5218616.tar.gz
    version: 1.0.0.1
  original:
    subdir: genvalidity-uuid
    url: https://github.com/NorfairKing/validity/archive/657cf4bdc2731387abea6e707b88d381d5218616.tar.gz
- completed:
    name: genvalidity-vector
    pantry-tree:
      sha256: 6cba82bf53112716b23101d3e587034891a2a7133cd23cceb088dbea00e0fcf5
      size: 413
    sha256: 70858a5685bc4fbe9e0dc1d5ed78ff5ec5d320555d1d57168ba357b661efc4e2
    size: 127125
    subdir: genvalidity-vector
    url: https://github.com/NorfairKing/validity/archive/657cf4bdc2731387abea6e707b88d381d5218616.tar.gz
    version: 1.0.0.0
  original:
    subdir: genvalidity-vector
    url: https://github.com/NorfairKing/validity/archive/657cf4bdc2731387abea6e707b88d381d5218616.tar.gz
- completed:
    name: validity
    pantry-tree:
      sha256: 6612de71f51ff45daea388a8e3aebc3ebcc02bf43a9fa84ba9cbdc9e28a9b9e3
      size: 391
    sha256: 70858a5685bc4fbe9e0dc1d5ed78ff5ec5d320555d1d57168ba357b661efc4e2
    size: 127125
    subdir: validity
    url: https://github.com/NorfairKing/validity/archive/657cf4bdc2731387abea6e707b88d381d5218616.tar.gz
    version: 0.12.0.1
  original:
    subdir: validity
    url: https://github.com/NorfairKing/validity/archive/657cf4bdc2731387abea6e707b88d381d5218616.tar.gz
- completed:
    name: validity-aeson
    pantry-tree:
      sha256: 277fa18d21ef959fad1ebedb795e65a0af78d45715578a2d81d4a3e26326b411
      size: 405
    sha256: 70858a5685bc4fbe9e0dc1d5ed78ff5ec5d320555d1d57168ba357b661efc4e2
    size: 127125
    subdir: validity-aeson
    url: https://github.com/NorfairKing/validity/archive/657cf4bdc2731387abea6e707b88d381d5218616.tar.gz
    version: 0.2.0.5
  original:
    subdir: validity-aeson
    url: https://github.com/NorfairKing/validity/archive/657cf4bdc2731387abea6e707b88d381d5218616.tar.gz
- completed:
    name: validity-bytestring
    pantry-tree:
      sha256: ba8cdeee52f1220338c333a19040414cc57fcb0502e79c3db511aa05d0c38474
      size: 292
    sha256: 70858a5685bc4fbe9e0dc1d5ed78ff5ec5d320555d1d57168ba357b661efc4e2
    size: 127125
    subdir: validity-bytestring
    url: https://github.com/NorfairKing/validity/archive/657cf4bdc2731387abea6e707b88d381d5218616.tar.gz
    version: 0.4.1.1
  original:
    subdir: validity-bytestring
    url: https://github.com/NorfairKing/validity/archive/657cf4bdc2731387abea6e707b88d381d5218616.tar.gz
- completed:
    name: validity-case-insensitive
    pantry-tree:
      sha256: 58a73301b41bc47c55e9f45acaabee4f415f5b16d6b80fa33c59c7a001c796d3
      size: 387
    sha256: 70858a5685bc4fbe9e0dc1d5ed78ff5ec5d320555d1d57168ba357b661efc4e2
    size: 127125
    subdir: validity-case-insensitive
    url: https://github.com/NorfairKing/validity/archive/657cf4bdc2731387abea6e707b88d381d5218616.tar.gz
    version: 0.0.0.0
  original:
    subdir: validity-case-insensitive
    url: https://github.com/NorfairKing/validity/archive/657cf4bdc2731387abea6e707b88d381d5218616.tar.gz
- completed:
    name: validity-containers
    pantry-tree:
      sha256: 0c2587e641fb93c272a61af7de6f6fb93f8e68eecd541792eaf61a95757a10aa
      size: 554
    sha256: 70858a5685bc4fbe9e0dc1d5ed78ff5ec5d320555d1d57168ba357b661efc4e2
    size: 127125
    subdir: validity-containers
    url: https://github.com/NorfairKing/validity/archive/657cf4bdc2731387abea6e707b88d381d5218616.tar.gz
    version: 0.5.0.4
  original:
    subdir: validity-containers
    url: https://github.com/NorfairKing/validity/archive/657cf4bdc2731387abea6e707b88d381d5218616.tar.gz
- completed:
    name: validity-network-uri
    pantry-tree:
      sha256: 75f6b320b309d4a8c02fe453d054055827d056f4607825c3f379246cf8b35e6c
      size: 188
    sha256: 70858a5685bc4fbe9e0dc1d5ed78ff5ec5d320555d1d57168ba357b661efc4e2
    size: 127125
    subdir: validity-network-uri
    url: https://github.com/NorfairKing/validity/archive/657cf4bdc2731387abea6e707b88d381d5218616.tar.gz
    version: 0.0.0.0
  original:
    subdir: validity-network-uri
    url: https://github.com/NorfairKing/validity/archive/657cf4bdc2731387abea6e707b88d381d5218616.tar.gz
- completed:
    name: validity-path
    pantry-tree:
      sha256: 08a1830f96825bebfa8f5dab6db2df13348e17eba5b589a2ef52b2e5137f32e8
      size: 403
    sha256: 70858a5685bc4fbe9e0dc1d5ed78ff5ec5d320555d1d57168ba357b661efc4e2
    size: 127125
    subdir: validity-path
    url: https://github.com/NorfairKing/validity/archive/657cf4bdc2731387abea6e707b88d381d5218616.tar.gz
    version: 0.4.0.1
  original:
    subdir: validity-path
    url: https://github.com/NorfairKing/validity/archive/657cf4bdc2731387abea6e707b88d381d5218616.tar.gz
- completed:
    name: validity-persistent
    pantry-tree:
      sha256: 3bd3e2c517817dd9fa3f5d4698321f6a72a59ea2608f609cb460abdb1ebccb42
      size: 285
    sha256: 70858a5685bc4fbe9e0dc1d5ed78ff5ec5d320555d1d57168ba357b661efc4e2
    size: 127125
    subdir: validity-persistent
    url: https://github.com/NorfairKing/validity/archive/657cf4bdc2731387abea6e707b88d381d5218616.tar.gz
    version: 0.0.0.0
  original:
    subdir: validity-persistent
    url: https://github.com/NorfairKing/validity/archive/657cf4bdc2731387abea6e707b88d381d5218616.tar.gz
- completed:
    name: validity-primitive
    pantry-tree:
      sha256: 25639d2ab249e5181175bc9696625007e3ef22e56655fa78b37eaa5c326b9900
      size: 288
    sha256: 70858a5685bc4fbe9e0dc1d5ed78ff5ec5d320555d1d57168ba357b661efc4e2
    size: 127125
    subdir: validity-primitive
    url: https://github.com/NorfairKing/validity/archive/657cf4bdc2731387abea6e707b88d381d5218616.tar.gz
    version: 0.0.0.1
  original:
    subdir: validity-primitive
    url: https://github.com/NorfairKing/validity/archive/657cf4bdc2731387abea6e707b88d381d5218616.tar.gz
- completed:
    name: validity-scientific
    pantry-tree:
      sha256: a82ffae296b56a81572086aec3f6ac439160492a408bce242fc0c8c478199208
      size: 290
    sha256: 70858a5685bc4fbe9e0dc1d5ed78ff5ec5d320555d1d57168ba357b661efc4e2
    size: 127125
    subdir: validity-scientific
    url: https://github.com/NorfairKing/validity/archive/657cf4bdc2731387abea6e707b88d381d5218616.tar.gz
    version: 0.2.0.3
  original:
    subdir: validity-scientific
    url: https://github.com/NorfairKing/validity/archive/657cf4bdc2731387abea6e707b88d381d5218616.tar.gz
- completed:
    name: validity-text
    pantry-tree:
      sha256: 90f1a3273b2184800691918a92757540f2fdd3426597b216d57dfb23bc7369de
      size: 280
    sha256: 70858a5685bc4fbe9e0dc1d5ed78ff5ec5d320555d1d57168ba357b661efc4e2
    size: 127125
    subdir: validity-text
    url: https://github.com/NorfairKing/validity/archive/657cf4bdc2731387abea6e707b88d381d5218616.tar.gz
    version: 0.3.1.3
  original:
    subdir: validity-text
    url: https://github.com/NorfairKing/validity/archive/657cf4bdc2731387abea6e707b88d381d5218616.tar.gz
- completed:
    name: validity-time
    pantry-tree:
      sha256: 11de2fab96f6a0fac82c4deb137770a51ad89c6e9941103b10ad5c9b5b3ceb3a
      size: 573
    sha256: 70858a5685bc4fbe9e0dc1d5ed78ff5ec5d320555d1d57168ba357b661efc4e2
    size: 127125
    subdir: validity-time
    url: https://github.com/NorfairKing/validity/archive/657cf4bdc2731387abea6e707b88d381d5218616.tar.gz
    version: 0.5.0.0
  original:
    subdir: validity-time
    url: https://github.com/NorfairKing/validity/archive/657cf4bdc2731387abea6e707b88d381d5218616.tar.gz
- completed:
    name: validity-unordered-containers
    pantry-tree:
      sha256: 1fbbef6441fecc0803ab9ef11255120de2716e4cb9a79f5ef60385a38bb131b9
      size: 446
    sha256: 70858a5685bc4fbe9e0dc1d5ed78ff5ec5d320555d1d57168ba357b661efc4e2
    size: 127125
    subdir: validity-unordered-containers
    url: https://github.com/NorfairKing/validity/archive/657cf4bdc2731387abea6e707b88d381d5218616.tar.gz
    version: 0.2.0.3
  original:
    subdir: validity-unordered-containers
    url: https://github.com/NorfairKing/validity/archive/657cf4bdc2731387abea6e707b88d381d5218616.tar.gz
- completed:
    name: validity-uuid
    pantry-tree:
      sha256: 5ffe191ef4812ea3910b25e80af18d367fadd3a4e95065facb7aa74c05a94fc0
      size: 278
    sha256: 70858a5685bc4fbe9e0dc1d5ed78ff5ec5d320555d1d57168ba357b661efc4e2
    size: 127125
    subdir: validity-uuid
    url: https://github.com/NorfairKing/validity/archive/657cf4bdc2731387abea6e707b88d381d5218616.tar.gz
    version: 0.1.0.3
  original:
    subdir: validity-uuid
    url: https://github.com/NorfairKing/validity/archive/657cf4bdc2731387abea6e707b88d381d5218616.tar.gz
- completed:
    name: validity-vector
    pantry-tree:
      sha256: e629550c5d2b3c4a7403514df00953664d3570b57bbf0dd6e9dcdd5aba787760
      size: 282
    sha256: 70858a5685bc4fbe9e0dc1d5ed78ff5ec5d320555d1d57168ba357b661efc4e2
    size: 127125
    subdir: validity-vector
    url: https://github.com/NorfairKing/validity/archive/657cf4bdc2731387abea6e707b88d381d5218616.tar.gz
    version: 0.2.0.3
  original:
    subdir: validity-vector
    url: https://github.com/NorfairKing/validity/archive/657cf4bdc2731387abea6e707b88d381d5218616.tar.gz
snapshots:
- completed:
    sha256: afd5ba64ab602cabc2d3942d3d7e7dd6311bc626dcb415b901eaf576cb62f0ea
    size: 640060
    url: https://raw.githubusercontent.com/commercialhaskell/stackage-snapshots/master/lts/21/22.yaml
  original: lts-21.22
