# This file was autogenerated by Stack.
# You should not edit this file by hand.
# For more information, please see the documentation at:
#   https://docs.haskellstack.org/en/stable/lock_files

packages:
- completed:
    hackage: diagnose-2.5.1@sha256:853fd268d7fe0191b79d73187104bf7b4bc5ce3bc3483cb088dc10b09f18abc8,5977
    pantry-tree:
      sha256: 99b2b3c2b2d3769ef45b030b0578ac7b3ce8b1b68ae7dd511857e7690ad19f52
      size: 1401
  original:
    hackage: diagnose-2.5.1@sha256:853fd268d7fe0191b79d73187104bf7b4bc5ce3bc3483cb088dc10b09f18abc8,5977
- completed:
    name: yesod-static-remote
    pantry-tree:
      sha256: 2f3bc57045ff7f04ab9e067195e750d01e52123f8232826d95ceaff12a5af272
      size: 918
    sha256: 97144600fefa27b9f6585ed495ae525cf6c7f411ac8f797f0bfa1ed7333f9262
    size: 7163
    url: https://github.com/NorfairKing/yesod-static-remote/archive/7eda644dc369e16c3591847f6c7cad30846bf6b0.tar.gz
    version: 0.0.0.0
  original:
    url: https://github.com/NorfairKing/yesod-static-remote/archive/7eda644dc369e16c3591847f6c7cad30846bf6b0.tar.gz
- completed:
    name: yesod-autoreload
    pantry-tree:
      sha256: 08b06fb215b988082992a6c9ff61ebf04827f22058aa4861cb8e20b90f11c4bb
      size: 596
    sha256: d279123e608c3fbab61e20d0443d80280a3ee7e3e31ff2958b350449e3bda05b
    size: 3988
    url: https://github.com/NorfairKing/yesod-autoreload/archive/796def9af50cd7b053c9fb4a065c55603d4a8399.tar.gz
    version: 0.0.0.0
  original:
    url: https://github.com/NorfairKing/yesod-autoreload/archive/796def9af50cd7b053c9fb4a065c55603d4a8399.tar.gz
- completed:
    name: template-haskell-reload
    pantry-tree:
      sha256: af1b442b6fd16ed369ff936b9116200ef2d17c13b4d09cd55520072ed59ece38
      size: 375
    sha256: b28b10441ee5faf5234a3acebabbcfd18c63b88db2e3a6bfb5730c023f057c90
    size: 4335
    subdir: template-haskell-reload
    url: https://github.com/NorfairKing/template-haskell-reload/archive/c416550db3f353bad65980a8ecd9b3b81fa504bd.tar.gz
    version: 0.0.0.0
  original:
    subdir: template-haskell-reload
    url: https://github.com/NorfairKing/template-haskell-reload/archive/c416550db3f353bad65980a8ecd9b3b81fa504bd.tar.gz
- completed:
    name: fast-myers-diff
    pantry-tree:
      sha256: db8ab250fbc9f1c47bf861083806297c898f677e3e6ed517e67b94aafff87e82
      size: 430
    sha256: 369e93b88b491fc6e4176a5af90351dab33b5ec516e361220ee000e3ffd13914
    size: 13855
    subdir: fast-myers-diff
    url: https://github.com/NorfairKing/fast-myers-diff/archive/4a5c31884b8fc399085bffacd15d6cb5624b3177.tar.gz
    version: 0.0.2
  original:
    subdir: fast-myers-diff
    url: https://github.com/NorfairKing/fast-myers-diff/archive/4a5c31884b8fc399085bffacd15d6cb5624b3177.tar.gz
- completed:
    name: really-safe-money
    pantry-tree:
      sha256: 6cc0dc67fd5ff7f2a8bf3f87942597a072bef15bdf1232315c7644c4ec6cb6b1
      size: 949
    sha256: 6d5b07561ea743c55ad1aeb95ef8d6de7f1d42ba28e7ec3a014104719fcab708
    size: 53010
    subdir: really-safe-money
    url: https://github.com/NorfairKing/really-safe-money/archive/11ae98bc0bfd590f3802d2bb6d94fc77ffb34515.tar.gz
    version: 0.0.0.0
  original:
    subdir: really-safe-money
    url: https://github.com/NorfairKing/really-safe-money/archive/11ae98bc0bfd590f3802d2bb6d94fc77ffb34515.tar.gz
- completed:
    name: really-safe-money-autodocodec
    pantry-tree:
      sha256: 388d38074baf857bb33de57ef2240a929deabc216a47682d8a90fbd8585b050e
      size: 1657
    sha256: 6d5b07561ea743c55ad1aeb95ef8d6de7f1d42ba28e7ec3a014104719fcab708
    size: 53010
    subdir: really-safe-money-autodocodec
    url: https://github.com/NorfairKing/really-safe-money/archive/11ae98bc0bfd590f3802d2bb6d94fc77ffb34515.tar.gz
    version: 0.0.0.0
  original:
    subdir: really-safe-money-autodocodec
    url: https://github.com/NorfairKing/really-safe-money/archive/11ae98bc0bfd590f3802d2bb6d94fc77ffb34515.tar.gz
- completed:
    name: really-safe-money-gen
    pantry-tree:
      sha256: c7476ce7315d432ef2d1e047efc19934d60c00e45bf35a1beb15718f6dc4b6d8
      size: 1940
    sha256: 6d5b07561ea743c55ad1aeb95ef8d6de7f1d42ba28e7ec3a014104719fcab708
    size: 53010
    subdir: really-safe-money-gen
    url: https://github.com/NorfairKing/really-safe-money/archive/11ae98bc0bfd590f3802d2bb6d94fc77ffb34515.tar.gz
    version: 0.0.0.0
  original:
    subdir: really-safe-money-gen
    url: https://github.com/NorfairKing/really-safe-money/archive/11ae98bc0bfd590f3802d2bb6d94fc77ffb34515.tar.gz
- completed:
    name: safe-coloured-text
    pantry-tree:
      sha256: e570533758692db38e3765ba8e961d550351dcc7159bed9206b4f8ab8dfe78fb
      size: 530
    sha256: 4d5324f99a472501a12091f955f68241181e96ff49d87d4c3721d30bf5d743a4
    size: 39098
    subdir: safe-coloured-text
    url: https://github.com/NorfairKing/safe-coloured-text/archive/26b7657428f277f819a0831cbddddb7f4c5408f9.tar.gz
    version: 0.3.0.2
  original:
    subdir: safe-coloured-text
    url: https://github.com/NorfairKing/safe-coloured-text/archive/26b7657428f277f819a0831cbddddb7f4c5408f9.tar.gz
- completed:
    name: safe-coloured-text-layout
    pantry-tree:
      sha256: 85a95d47e433c3e4fdd4007a616954826531a191273d9de6759e2bde0be37c65
      size: 918
    sha256: 4d5324f99a472501a12091f955f68241181e96ff49d87d4c3721d30bf5d743a4
    size: 39098
    subdir: safe-coloured-text-layout
    url: https://github.com/NorfairKing/safe-coloured-text/archive/26b7657428f277f819a0831cbddddb7f4c5408f9.tar.gz
    version: 0.2.0.0
  original:
    subdir: safe-coloured-text-layout
    url: https://github.com/NorfairKing/safe-coloured-text/archive/26b7657428f277f819a0831cbddddb7f4c5408f9.tar.gz
- completed:
    name: safe-coloured-text-gen
    pantry-tree:
      sha256: 478208926c26ea2faf9a76b3df284fc3964babf4123260d4099a1a80f3bc0b6e
      size: 8960
    sha256: 4d5324f99a472501a12091f955f68241181e96ff49d87d4c3721d30bf5d743a4
    size: 39098
    subdir: safe-coloured-text-gen
    url: https://github.com/NorfairKing/safe-coloured-text/archive/26b7657428f277f819a0831cbddddb7f4c5408f9.tar.gz
    version: 0.0.0.3
  original:
    subdir: safe-coloured-text-gen
    url: https://github.com/NorfairKing/safe-coloured-text/archive/26b7657428f277f819a0831cbddddb7f4c5408f9.tar.gz
- completed:
    name: validity
    pantry-tree:
      sha256: 97cdf88d0789d4d42c3b5c24bc37b1391c2f2ad949ca58fefe3a2416a9161de4
      size: 442
    sha256: 18255f037d3e448e6e7798b66636fcf27f87c880cb0ebb8bb2ffbf8801b64b5b
    size: 134046
    subdir: validity
    url: https://github.com/NorfairKing/validity/archive/51b8843b9bd5228160b99f653d3271147245d689.tar.gz
    version: 0.12.1.0
  original:
    subdir: validity
    url: https://github.com/NorfairKing/validity/archive/51b8843b9bd5228160b99f653d3271147245d689.tar.gz
- completed:
    name: validity-dlist
    pantry-tree:
      sha256: 15b58ba10d86dc987995c2ec179de0e2274e767ef999c2fb5e8ddc99a66e125c
      size: 402
    sha256: 18255f037d3e448e6e7798b66636fcf27f87c880cb0ebb8bb2ffbf8801b64b5b
    size: 134046
    subdir: validity-dlist
    url: https://github.com/NorfairKing/validity/archive/51b8843b9bd5228160b99f653d3271147245d689.tar.gz
    version: 0.1.0.1
  original:
    subdir: validity-dlist
    url: https://github.com/NorfairKing/validity/archive/51b8843b9bd5228160b99f653d3271147245d689.tar.gz
- completed:
    name: genvalidity
    pantry-tree:
      sha256: f811121be1cf3bf481911d3782d95e27adea1b39de0d6a6090a61d4f882e1613
      size: 748
    sha256: 18255f037d3e448e6e7798b66636fcf27f87c880cb0ebb8bb2ffbf8801b64b5b
    size: 134046
    subdir: genvalidity
    url: https://github.com/NorfairKing/validity/archive/51b8843b9bd5228160b99f653d3271147245d689.tar.gz
    version: 1.1.1.0
  original:
    subdir: genvalidity
    url: https://github.com/NorfairKing/validity/archive/51b8843b9bd5228160b99f653d3271147245d689.tar.gz
- completed:
    name: genvalidity-dlist
    pantry-tree:
      sha256: b0f19f9fbd0c0b4adbbaad480dbfe378570f623a1a52113c3d93b7462243e98d
      size: 411
    sha256: 18255f037d3e448e6e7798b66636fcf27f87c880cb0ebb8bb2ffbf8801b64b5b
    size: 134046
    subdir: genvalidity-dlist
    url: https://github.com/NorfairKing/validity/archive/51b8843b9bd5228160b99f653d3271147245d689.tar.gz
    version: 0.1.0.1
  original:
    subdir: genvalidity-dlist
    url: https://github.com/NorfairKing/validity/archive/51b8843b9bd5228160b99f653d3271147245d689.tar.gz
- completed:
    name: autodocodec
    pantry-tree:
      sha256: bfd0c35f68dabfb37837599b56040beacb9063f892bf5473ed47732c7840bfcd
      size: 913
    sha256: f469cf506762224ed9eb636833f36a14f1df884541c8c89c27d3e5e54f92a988
    size: 91071
    subdir: autodocodec
    url: https://github.com/NorfairKing/autodocodec/archive/b435803c3367b06c0d38acd90a54ba63e63fb6be.tar.gz
    version: 0.4.0.0
  original:
    subdir: autodocodec
    url: https://github.com/NorfairKing/autodocodec/archive/b435803c3367b06c0d38acd90a54ba63e63fb6be.tar.gz
- completed:
    name: autodocodec-nix
    pantry-tree:
      sha256: 0b462b84ec8960c689026f25a24cbf72a8c8341a98d831c3f3115a9dd2a57512
      size: 380
    sha256: f469cf506762224ed9eb636833f36a14f1df884541c8c89c27d3e5e54f92a988
    size: 91071
    subdir: autodocodec-nix
    url: https://github.com/NorfairKing/autodocodec/archive/b435803c3367b06c0d38acd90a54ba63e63fb6be.tar.gz
    version: 0.0.0.1
  original:
    subdir: autodocodec-nix
    url: https://github.com/NorfairKing/autodocodec/archive/b435803c3367b06c0d38acd90a54ba63e63fb6be.tar.gz
- completed:
    name: autodocodec-schema
    pantry-tree:
      sha256: 661c1258ce7508e2a8d4c17597eda7e6b1f684b02cacbb7865962e380b57e8cf
      size: 387
    sha256: f469cf506762224ed9eb636833f36a14f1df884541c8c89c27d3e5e54f92a988
    size: 91071
    subdir: autodocodec-schema
    url: https://github.com/NorfairKing/autodocodec/archive/b435803c3367b06c0d38acd90a54ba63e63fb6be.tar.gz
    version: 0.2.0.0
  original:
    subdir: autodocodec-schema
    url: https://github.com/NorfairKing/autodocodec/archive/b435803c3367b06c0d38acd90a54ba63e63fb6be.tar.gz
- completed:
    name: autodocodec-yaml
    pantry-tree:
      sha256: 6563e1dc6cc3644484e566bc65ce2ef3617180932b74cfadbf3dea1c3f337068
      size: 592
    sha256: f469cf506762224ed9eb636833f36a14f1df884541c8c89c27d3e5e54f92a988
    size: 91071
    subdir: autodocodec-yaml
    url: https://github.com/NorfairKing/autodocodec/archive/b435803c3367b06c0d38acd90a54ba63e63fb6be.tar.gz
    version: 0.3.0.2
  original:
    subdir: autodocodec-yaml
    url: https://github.com/NorfairKing/autodocodec/archive/b435803c3367b06c0d38acd90a54ba63e63fb6be.tar.gz
- completed:
    name: opt-env-conf
    pantry-tree:
      sha256: 0b892cfb449461399e55dd2c1ab9b1c05eafa04949e02ce21b41a814e85e007f
      size: 1299
    sha256: a342b70d192f02b1436dc54ebdd5fdd709616a8e758fea0812c408f6326d4626
    size: 99037
    subdir: opt-env-conf
    url: https://github.com/NorfairKing/opt-env-conf/archive/fdf861f7bdd7f6aff777e2780beb7a400bd97625.tar.gz
    version: 0.8.0.0
  original:
    subdir: opt-env-conf
    url: https://github.com/NorfairKing/opt-env-conf/archive/fdf861f7bdd7f6aff777e2780beb7a400bd97625.tar.gz
- completed:
    name: opt-env-conf-test
    pantry-tree:
      sha256: 56f1b38a32d13ca24cce0d29e76fbea85240a2fed6c37ac0977817b0b9fc5319
      size: 28097
    sha256: a342b70d192f02b1436dc54ebdd5fdd709616a8e758fea0812c408f6326d4626
    size: 99037
    subdir: opt-env-conf-test
    url: https://github.com/NorfairKing/opt-env-conf/archive/fdf861f7bdd7f6aff777e2780beb7a400bd97625.tar.gz
    version: 0.0.0.0
  original:
    subdir: opt-env-conf-test
    url: https://github.com/NorfairKing/opt-env-conf/archive/fdf861f7bdd7f6aff777e2780beb7a400bd97625.tar.gz
snapshots:
- completed:
    sha256: 6c5aeace2ca5ecde793a9e0acfaa730ec8f384aa2f6183a2a252f5f9ec55d623
    size: 720039
    url: https://raw.githubusercontent.com/commercialhaskell/stackage-snapshots/master/lts/22/39.yaml
  original: lts-22.39
